
Microsoft Visual Studio Solution File, Format Version 12.00
# Visual Studio Version 17
VisualStudioVersion = 17.0.31903.59
MinimumVisualStudioVersion = 10.0.40219.1
Project("{FAE04EC0-301F-11D3-BF4B-00C04F79EFBC}") = "OmniMixPlayer.SDK", "OmniMixPlayer.SDK\OmniMixPlayer.SDK.csproj", "{E1E2E3D4-E5F6-7890-ABCD-EF1234567801}"
EndProject
Project("{FAE04EC0-301F-11D3-BF4B-00C04F79EFBC}") = "OmniMixPlayer.Backend", "OmniMixPlayer.Backend\OmniMixPlayer.Backend.csproj", "{E1E2E3D4-E5F6-7890-ABCD-EF1234567802}"
EndProject
Project("{2150E333-8FDC-42A3-9474-1A3956D46DE8}") = "gui_vbnet", "gui_vbnet", "{3AA2272A-E928-5AA7-8CEE-8D1AE3CDD04F}"
EndProject
Project("{2150E333-8FDC-42A3-9474-1A3956D46DE8}") = "MeloongCore", "MeloongCore", "{738CFE21-FF5C-F850-E4AA-FF43F2C75B03}"
EndProject
Project("{2150E333-8FDC-42A3-9474-1A3956D46DE8}") = "Shared", "Shared", "{637CC828-C442-0113-B1B4-3CACDF5E8219}"
EndProject
Project("{FAE04EC0-301F-11D3-BF4B-00C04F79EFBC}") = "MeloongCore", "gui_vbnet\MeloongCore\Shared\MeloongCore.csproj", "{66CAB55E-2F27-4ACE-87B9-7DABED63FC5E}"
EndProject
Project("{2150E333-8FDC-42A3-9474-1A3956D46DE8}") = "Wpf", "Wpf", "{51FBCAC1-4A9C-9899-5AED-96390C74E960}"
EndProject
Project("{FAE04EC0-301F-11D3-BF4B-00C04F79EFBC}") = "MeloongCore.Wpf", "gui_vbnet\MeloongCore\Wpf\MeloongCore.Wpf.csproj", "{A1B35778-E3B7-4D35-BE47-8963EEF56303}"
EndProject
Project("{FAE04EC0-301F-11D3-BF4B-00C04F79EFBC}") = "PCLCS", "gui_vbnet\PCLCS\PCLCS.csproj", "{D2B2B95C-513A-424C-AD73-9A43C876F3F0}"
EndProject
Project("{F184B08F-C81C-45F6-A57F-5ABD9991F28F}") = "Plain Craft Launcher 2", "gui_vbnet\Plain Craft Launcher 2\Plain Craft Launcher 2.vbproj", "{5F1A70AA-2F5A-4F36-8E5B-7F85BD296463}"
EndProject
Project("{2150E333-8FDC-42A3-9474-1A3956D46DE8}") = "modules", "modules", "{7A5B0E2D-3C4F-4D92-9F21-4D0A1F2B3C40}"
EndProject
Project("{FAE04EC0-301F-11D3-BF4B-00C04F79EFBC}") = "ChillPatcher.Module.Bilibili", "modules\Bilibili\ChillPatcher.Module.Bilibili.csproj", "{0A5E4D11-75B9-4E5A-A9F3-6C28A07B1001}"
EndProject
Project("{FAE04EC0-301F-11D3-BF4B-00C04F79EFBC}") = "ChillPatcher.Module.LocalFolder", "modules\LocalFolder\ChillPatcher.Module.LocalFolder.csproj", "{0A5E4D11-75B9-4E5A-A9F3-6C28A07B1002}"
EndProject
Project("{FAE04EC0-301F-11D3-BF4B-00C04F79EFBC}") = "ChillPatcher.Module.Netease", "modules\Netease\ChillPatcher.Module.Netease.csproj", "{0A5E4D11-75B9-4E5A-A9F3-6C28A07B1003}"
EndProject
Project("{FAE04EC0-301F-11D3-BF4B-00C04F79EFBC}") = "ChillPatcher.Module.QQMusic", "modules\QQMusic\ChillPatcher.Module.QQMusic.csproj", "{0A5E4D11-75B9-4E5A-A9F3-6C28A07B1004}"
EndProject
Project("{FAE04EC0-301F-11D3-BF4B-00C04F79EFBC}") = "ChillPatcher.Module.Spotify", "modules\Spotify\ChillPatcher.Module.Spotify.csproj", "{0A5E4D11-75B9-4E5A-A9F3-6C28A07B1005}"
EndProject
Global
	GlobalSection(SolutionConfigurationPlatforms) = preSolution
		Debug|Any CPU = Debug|Any CPU
		Debug|x64 = Debug|x64
		Debug|x86 = Debug|x86
		Release|Any CPU = Release|Any CPU
		Release|x64 = Release|x64
		Release|x86 = Release|x86
	EndGlobalSection
	GlobalSection(ProjectConfigurationPlatforms) = postSolution
		{E1E2E3D4-E5F6-7890-ABCD-EF1234567801}.Debug|Any CPU.ActiveCfg = Debug|Any CPU
		{E1E2E3D4-E5F6-7890-ABCD-EF1234567801}.Debug|Any CPU.Build.0 = Debug|Any CPU
		{E1E2E3D4-E5F6-7890-ABCD-EF1234567801}.Debug|x64.ActiveCfg = Debug|Any CPU
		{E1E2E3D4-E5F6-7890-ABCD-EF1234567801}.Debug|x64.Build.0 = Debug|Any CPU
		{E1E2E3D4-E5F6-7890-ABCD-EF1234567801}.Debug|x86.ActiveCfg = Debug|Any CPU
		{E1E2E3D4-E5F6-7890-ABCD-EF1234567801}.Debug|x86.Build.0 = Debug|Any CPU
		{E1E2E3D4-E5F6-7890-ABCD-EF1234567801}.Release|Any CPU.ActiveCfg = Release|Any CPU
		{E1E2E3D4-E5F6-7890-ABCD-EF1234567801}.Release|Any CPU.Build.0 = Release|Any CPU
		{E1E2E3D4-E5F6-7890-ABCD-EF1234567801}.Release|x64.ActiveCfg = Release|Any CPU
		{E1E2E3D4-E5F6-7890-ABCD-EF1234567801}.Release|x64.Build.0 = Release|Any CPU
		{E1E2E3D4-E5F6-7890-ABCD-EF1234567801}.Release|x86.ActiveCfg = Release|Any CPU
		{E1E2E3D4-E5F6-7890-ABCD-EF1234567801}.Release|x86.Build.0 = Release|Any CPU
		{E1E2E3D4-E5F6-7890-ABCD-EF1234567802}.Debug|Any CPU.ActiveCfg = Debug|Any CPU
		{E1E2E3D4-E5F6-7890-ABCD-EF1234567802}.Debug|Any CPU.Build.0 = Debug|Any CPU
		{E1E2E3D4-E5F6-7890-ABCD-EF1234567802}.Debug|x64.ActiveCfg = Debug|Any CPU
		{E1E2E3D4-E5F6-7890-ABCD-EF1234567802}.Debug|x64.Build.0 = Debug|Any CPU
		{E1E2E3D4-E5F6-7890-ABCD-EF1234567802}.Debug|x86.ActiveCfg = Debug|Any CPU
		{E1E2E3D4-E5F6-7890-ABCD-EF1234567802}.Debug|x86.Build.0 = Debug|Any CPU
		{E1E2E3D4-E5F6-7890-ABCD-EF1234567802}.Release|Any CPU.ActiveCfg = Release|Any CPU
		{E1E2E3D4-E5F6-7890-ABCD-EF1234567802}.Release|Any CPU.Build.0 = Release|Any CPU
		{E1E2E3D4-E5F6-7890-ABCD-EF1234567802}.Release|x64.ActiveCfg = Release|Any CPU
		{E1E2E3D4-E5F6-7890-ABCD-EF1234567802}.Release|x64.Build.0 = Release|Any CPU
		{E1E2E3D4-E5F6-7890-ABCD-EF1234567802}.Release|x86.ActiveCfg = Release|Any CPU
		{E1E2E3D4-E5F6-7890-ABCD-EF1234567802}.Release|x86.Build.0 = Release|Any CPU
		{66CAB55E-2F27-4ACE-87B9-7DABED63FC5E}.Debug|Any CPU.ActiveCfg = Debug|Any CPU
		{66CAB55E-2F27-4ACE-87B9-7DABED63FC5E}.Debug|Any CPU.Build.0 = Debug|Any CPU
		{66CAB55E-2F27-4ACE-87B9-7DABED63FC5E}.Debug|x64.ActiveCfg = Debug|Any CPU
		{66CAB55E-2F27-4ACE-87B9-7DABED63FC5E}.Debug|x64.Build.0 = Debug|Any CPU
		{66CAB55E-2F27-4ACE-87B9-7DABED63FC5E}.Debug|x86.ActiveCfg = Debug|Any CPU
		{66CAB55E-2F27-4ACE-87B9-7DABED63FC5E}.Debug|x86.Build.0 = Debug|Any CPU
		{66CAB55E-2F27-4ACE-87B9-7DABED63FC5E}.Release|Any CPU.ActiveCfg = Release|Any CPU
		{66CAB55E-2F27-4ACE-87B9-7DABED63FC5E}.Release|Any CPU.Build.0 = Release|Any CPU
		{66CAB55E-2F27-4ACE-87B9-7DABED63FC5E}.Release|x64.ActiveCfg = Release|Any CPU
		{66CAB55E-2F27-4ACE-87B9-7DABED63FC5E}.Release|x64.Build.0 = Release|Any CPU
		{66CAB55E-2F27-4ACE-87B9-7DABED63FC5E}.Release|x86.ActiveCfg = Release|Any CPU
		{66CAB55E-2F27-4ACE-87B9-7DABED63FC5E}.Release|x86.Build.0 = Release|Any CPU
		{A1B35778-E3B7-4D35-BE47-8963EEF56303}.Debug|Any CPU.ActiveCfg = Debug|Any CPU
		{A1B35778-E3B7-4D35-BE47-8963EEF56303}.Debug|Any CPU.Build.0 = Debug|Any CPU
		{A1B35778-E3B7-4D35-BE47-8963EEF56303}.Debug|x64.ActiveCfg = Debug|Any CPU
		{A1B35778-E3B7-4D35-BE47-8963EEF56303}.Debug|x64.Build.0 = Debug|Any CPU
		{A1B35778-E3B7-4D35-BE47-8963EEF56303}.Debug|x86.ActiveCfg = Debug|Any CPU
		{A1B35778-E3B7-4D35-BE47-8963EEF56303}.Debug|x86.Build.0 = Debug|Any CPU
		{A1B35778-E3B7-4D35-BE47-8963EEF56303}.Release|Any CPU.ActiveCfg = Release|Any CPU
		{A1B35778-E3B7-4D35-BE47-8963EEF56303}.Release|Any CPU.Build.0 = Release|Any CPU
		{A1B35778-E3B7-4D35-BE47-8963EEF56303}.Release|x64.ActiveCfg = Release|Any CPU
		{A1B35778-E3B7-4D35-BE47-8963EEF56303}.Release|x64.Build.0 = Release|Any CPU
		{A1B35778-E3B7-4D35-BE47-8963EEF56303}.Release|x86.ActiveCfg = Release|Any CPU
		{A1B35778-E3B7-4D35-BE47-8963EEF56303}.Release|x86.Build.0 = Release|Any CPU
		{D2B2B95C-513A-424C-AD73-9A43C876F3F0}.Debug|Any CPU.ActiveCfg = Debug|Any CPU
		{D2B2B95C-513A-424C-AD73-9A43C876F3F0}.Debug|Any CPU.Build.0 = Debug|Any CPU
		{D2B2B95C-513A-424C-AD73-9A43C876F3F0}.Debug|x64.ActiveCfg = Debug|Any CPU
		{D2B2B95C-513A-424C-AD73-9A43C876F3F0}.Debug|x64.Build.0 = Debug|Any CPU
		{D2B2B95C-513A-424C-AD73-9A43C876F3F0}.Debug|x86.ActiveCfg = Debug|Any CPU
		{D2B2B95C-513A-424C-AD73-9A43C876F3F0}.Debug|x86.Build.0 = Debug|Any CPU
		{D2B2B95C-513A-424C-AD73-9A43C876F3F0}.Release|Any CPU.ActiveCfg = Release|Any CPU
		{D2B2B95C-513A-424C-AD73-9A43C876F3F0}.Release|Any CPU.Build.0 = Release|Any CPU
		{D2B2B95C-513A-424C-AD73-9A43C876F3F0}.Release|x64.ActiveCfg = Release|Any CPU
		{D2B2B95C-513A-424C-AD73-9A43C876F3F0}.Release|x64.Build.0 = Release|Any CPU
		{D2B2B95C-513A-424C-AD73-9A43C876F3F0}.Release|x86.ActiveCfg = Release|Any CPU
		{D2B2B95C-513A-424C-AD73-9A43C876F3F0}.Release|x86.Build.0 = Release|Any CPU
		{5F1A70AA-2F5A-4F36-8E5B-7F85BD296463}.Debug|Any CPU.ActiveCfg = Debug|Any CPU
		{5F1A70AA-2F5A-4F36-8E5B-7F85BD296463}.Debug|Any CPU.Build.0 = Debug|Any CPU
		{5F1A70AA-2F5A-4F36-8E5B-7F85BD296463}.Debug|x64.ActiveCfg = Debug|Any CPU
		{5F1A70AA-2F5A-4F36-8E5B-7F85BD296463}.Debug|x64.Build.0 = Debug|Any CPU
		{5F1A70AA-2F5A-4F36-8E5B-7F85BD296463}.Debug|x86.ActiveCfg = Debug|Any CPU
		{5F1A70AA-2F5A-4F36-8E5B-7F85BD296463}.Debug|x86.Build.0 = Debug|Any CPU
		{5F1A70AA-2F5A-4F36-8E5B-7F85BD296463}.Release|Any CPU.ActiveCfg = Release|Any CPU
		{5F1A70AA-2F5A-4F36-8E5B-7F85BD296463}.Release|Any CPU.Build.0 = Release|Any CPU
		{5F1A70AA-2F5A-4F36-8E5B-7F85BD296463}.Release|x64.ActiveCfg = Release|Any CPU
		{5F1A70AA-2F5A-4F36-8E5B-7F85BD296463}.Release|x64.Build.0 = Release|Any CPU
		{5F1A70AA-2F5A-4F36-8E5B-7F85BD296463}.Release|x86.ActiveCfg = Release|Any CPU
		{5F1A70AA-2F5A-4F36-8E5B-7F85BD296463}.Release|x86.Build.0 = Release|Any CPU
		{0A5E4D11-75B9-4E5A-A9F3-6C28A07B1001}.Debug|Any CPU.ActiveCfg = Debug|Any CPU
		{0A5E4D11-75B9-4E5A-A9F3-6C28A07B1001}.Debug|Any CPU.Build.0 = Debug|Any CPU
		{0A5E4D11-75B9-4E5A-A9F3-6C28A07B1001}.Debug|x64.ActiveCfg = Debug|Any CPU
		{0A5E4D11-75B9-4E5A-A9F3-6C28A07B1001}.Debug|x64.Build.0 = Debug|Any CPU
		{0A5E4D11-75B9-4E5A-A9F3-6C28A07B1001}.Debug|x86.ActiveCfg = Debug|Any CPU
		{0A5E4D11-75B9-4E5A-A9F3-6C28A07B1001}.Debug|x86.Build.0 = Debug|Any CPU
		{0A5E4D11-75B9-4E5A-A9F3-6C28A07B1001}.Release|Any CPU.ActiveCfg = Release|Any CPU
		{0A5E4D11-75B9-4E5A-A9F3-6C28A07B1001}.Release|Any CPU.Build.0 = Release|Any CPU
		{0A5E4D11-75B9-4E5A-A9F3-6C28A07B1001}.Release|x64.ActiveCfg = Release|Any CPU
		{0A5E4D11-75B9-4E5A-A9F3-6C28A07B1001}.Release|x64.Build.0 = Release|Any CPU
		{0A5E4D11-75B9-4E5A-A9F3-6C28A07B1001}.Release|x86.ActiveCfg = Release|Any CPU
		{0A5E4D11-75B9-4E5A-A9F3-6C28A07B1001}.Release|x86.Build.0 = Release|Any CPU
		{0A5E4D11-75B9-4E5A-A9F3-6C28A07B1002}.Debug|Any CPU.ActiveCfg = Debug|Any CPU
		{0A5E4D11-75B9-4E5A-A9F3-6C28A07B1002}.Debug|Any CPU.Build.0 = Debug|Any CPU
		{0A5E4D11-75B9-4E5A-A9F3-6C28A07B1002}.Debug|x64.ActiveCfg = Debug|Any CPU
		{0A5E4D11-75B9-4E5A-A9F3-6C28A07B1002}.Debug|x64.Build.0 = Debug|Any CPU
		{0A5E4D11-75B9-4E5A-A9F3-6C28A07B1002}.Debug|x86.ActiveCfg = Debug|Any CPU
		{0A5E4D11-75B9-4E5A-A9F3-6C28A07B1002}.Debug|x86.Build.0 = Debug|Any CPU
		{0A5E4D11-75B9-4E5A-A9F3-6C28A07B1002}.Release|Any CPU.ActiveCfg = Release|Any CPU
		{0A5E4D11-75B9-4E5A-A9F3-6C28A07B1002}.Release|Any CPU.Build.0 = Release|Any CPU
		{0A5E4D11-75B9-4E5A-A9F3-6C28A07B1002}.Release|x64.ActiveCfg = Release|Any CPU
		{0A5E4D11-75B9-4E5A-A9F3-6C28A07B1002}.Release|x64.Build.0 = Release|Any CPU
		{0A5E4D11-75B9-4E5A-A9F3-6C28A07B1002}.Release|x86.ActiveCfg = Release|Any CPU
		{0A5E4D11-75B9-4E5A-A9F3-6C28A07B1002}.Release|x86.Build.0 = Release|Any CPU
		{0A5E4D11-75B9-4E5A-A9F3-6C28A07B1003}.Debug|Any CPU.ActiveCfg = Debug|Any CPU
		{0A5E4D11-75B9-4E5A-A9F3-6C28A07B1003}.Debug|Any CPU.Build.0 = Debug|Any CPU
		{0A5E4D11-75B9-4E5A-A9F3-6C28A07B1003}.Debug|x64.ActiveCfg = Debug|Any CPU
		{0A5E4D11-75B9-4E5A-A9F3-6C28A07B1003}.Debug|x64.Build.0 = Debug|Any CPU
		{0A5E4D11-75B9-4E5A-A9F3-6C28A07B1003}.Debug|x86.ActiveCfg = Debug|Any CPU
		{0A5E4D11-75B9-4E5A-A9F3-6C28A07B1003}.Debug|x86.Build.0 = Debug|Any CPU
		{0A5E4D11-75B9-4E5A-A9F3-6C28A07B1003}.Release|Any CPU.ActiveCfg = Release|Any CPU
		{0A5E4D11-75B9-4E5A-A9F3-6C28A07B1003}.Release|Any CPU.Build.0 = Release|Any CPU
		{0A5E4D11-75B9-4E5A-A9F3-6C28A07B1003}.Release|x64.ActiveCfg = Release|Any CPU
		{0A5E4D11-75B9-4E5A-A9F3-6C28A07B1003}.Release|x64.Build.0 = Release|Any CPU
		{0A5E4D11-75B9-4E5A-A9F3-6C28A07B1003}.Release|x86.ActiveCfg = Release|Any CPU
		{0A5E4D11-75B9-4E5A-A9F3-6C28A07B1003}.Release|x86.Build.0 = Release|Any CPU
		{0A5E4D11-75B9-4E5A-A9F3-6C28A07B1004}.Debug|Any CPU.ActiveCfg = Debug|Any CPU
		{0A5E4D11-75B9-4E5A-A9F3-6C28A07B1004}.Debug|Any CPU.Build.0 = Debug|Any CPU
		{0A5E4D11-75B9-4E5A-A9F3-6C28A07B1004}.Debug|x64.ActiveCfg = Debug|Any CPU
		{0A5E4D11-75B9-4E5A-A9F3-6C28A07B1004}.Debug|x64.Build.0 = Debug|Any CPU
		{0A5E4D11-75B9-4E5A-A9F3-6C28A07B1004}.Debug|x86.ActiveCfg = Debug|Any CPU
		{0A5E4D11-75B9-4E5A-A9F3-6C28A07B1004}.Debug|x86.Build.0 = Debug|Any CPU
		{0A5E4D11-75B9-4E5A-A9F3-6C28A07B1004}.Release|Any CPU.ActiveCfg = Release|Any CPU
		{0A5E4D11-75B9-4E5A-A9F3-6C28A07B1004}.Release|Any CPU.Build.0 = Release|Any CPU
		{0A5E4D11-75B9-4E5A-A9F3-6C28A07B1004}.Release|x64.ActiveCfg = Release|Any CPU
		{0A5E4D11-75B9-4E5A-A9F3-6C28A07B1004}.Release|x64.Build.0 = Release|Any CPU
		{0A5E4D11-75B9-4E5A-A9F3-6C28A07B1004}.Release|x86.ActiveCfg = Release|Any CPU
		{0A5E4D11-75B9-4E5A-A9F3-6C28A07B1004}.Release|x86.Build.0 = Release|Any CPU
		{0A5E4D11-75B9-4E5A-A9F3-6C28A07B1005}.Debug|Any CPU.ActiveCfg = Debug|Any CPU
		{0A5E4D11-75B9-4E5A-A9F3-6C28A07B1005}.Debug|Any CPU.Build.0 = Debug|Any CPU
		{0A5E4D11-75B9-4E5A-A9F3-6C28A07B1005}.Debug|x64.ActiveCfg = Debug|Any CPU
		{0A5E4D11-75B9-4E5A-A9F3-6C28A07B1005}.Debug|x64.Build.0 = Debug|Any CPU
		{0A5E4D11-75B9-4E5A-A9F3-6C28A07B1005}.Debug|x86.ActiveCfg = Debug|Any CPU
		{0A5E4D11-75B9-4E5A-A9F3-6C28A07B1005}.Debug|x86.Build.0 = Debug|Any CPU
		{0A5E4D11-75B9-4E5A-A9F3-6C28A07B1005}.Release|Any CPU.ActiveCfg = Release|Any CPU
		{0A5E4D11-75B9-4E5A-A9F3-6C28A07B1005}.Release|Any CPU.Build.0 = Release|Any CPU
		{0A5E4D11-75B9-4E5A-A9F3-6C28A07B1005}.Release|x64.ActiveCfg = Release|Any CPU
		{0A5E4D11-75B9-4E5A-A9F3-6C28A07B1005}.Release|x64.Build.0 = Release|Any CPU
		{0A5E4D11-75B9-4E5A-A9F3-6C28A07B1005}.Release|x86.ActiveCfg = Release|Any CPU
		{0A5E4D11-75B9-4E5A-A9F3-6C28A07B1005}.Release|x86.Build.0 = Release|Any CPU
	EndGlobalSection
	GlobalSection(SolutionProperties) = preSolution
		HideSolutionNode = FALSE
	EndGlobalSection
	GlobalSection(NestedProjects) = preSolution
		{738CFE21-FF5C-F850-E4AA-FF43F2C75B03} = {3AA2272A-E928-5AA7-8CEE-8D1AE3CDD04F}
		{637CC828-C442-0113-B1B4-3CACDF5E8219} = {738CFE21-FF5C-F850-E4AA-FF43F2C75B03}
		{66CAB55E-2F27-4ACE-87B9-7DABED63FC5E} = {637CC828-C442-0113-B1B4-3CACDF5E8219}
		{51FBCAC1-4A9C-9899-5AED-96390C74E960} = {738CFE21-FF5C-F850-E4AA-FF43F2C75B03}
		{A1B35778-E3B7-4D35-BE47-8963EEF56303} = {51FBCAC1-4A9C-9899-5AED-96390C74E960}
		{D2B2B95C-513A-424C-AD73-9A43C876F3F0} = {3AA2272A-E928-5AA7-8CEE-8D1AE3CDD04F}
		{5F1A70AA-2F5A-4F36-8E5B-7F85BD296463} = {3AA2272A-E928-5AA7-8CEE-8D1AE3CDD04F}
		{0A5E4D11-75B9-4E5A-A9F3-6C28A07B1001} = {7A5B0E2D-3C4F-4D92-9F21-4D0A1F2B3C40}
		{0A5E4D11-75B9-4E5A-A9F3-6C28A07B1002} = {7A5B0E2D-3C4F-4D92-9F21-4D0A1F2B3C40}
		{0A5E4D11-75B9-4E5A-A9F3-6C28A07B1003} = {7A5B0E2D-3C4F-4D92-9F21-4D0A1F2B3C40}
		{0A5E4D11-75B9-4E5A-A9F3-6C28A07B1004} = {7A5B0E2D-3C4F-4D92-9F21-4D0A1F2B3C40}
		{0A5E4D11-75B9-4E5A-A9F3-6C28A07B1005} = {7A5B0E2D-3C4F-4D92-9F21-4D0A1F2B3C40}
	EndGlobalSection
EndGlobal
